
Microsoft Visual Studio Solution File, Format Version 12.00
# Visual Studio Version 17
VisualStudioVersion = 17.11.35303.130
MinimumVisualStudioVersion = 10.0.40219.1
Project("{9A19103F-16F7-4668-BE54-9A1E7A4F7556}") = "LW9VH2_HSZF_2024251.Console", "LW9VH2_HSZF_2024251.Console\LW9VH2_HSZF_2024251.Console.csproj", "{6BEB1221-D0D4-4894-A91E-DD015234D013}"
EndProject
Project("{2150E333-8FDC-42A3-9474-1A3956D46DE8}") = "Application", "Application", "{810A37A4-D06D-4AB2-8B1D-D793CCC3CDDB}"
EndProject
Project("{2150E333-8FDC-42A3-9474-1A3956D46DE8}") = "Domain", "Domain", "{672D26A2-CDE2-4097-9B2C-81756D591E0E}"
EndProject
Project("{2150E333-8FDC-42A3-9474-1A3956D46DE8}") = "Infrastructure", "Infrastructure", "{51A6CCB4-8404-48C0-B320-9B6044E005C3}"
EndProject
Project("{2150E333-8FDC-42A3-9474-1A3956D46DE8}") = "Tests", "Tests", "{726557A2-50CD-4CA8-83EE-8B890474FB3D}"
EndProject
Project("{2150E333-8FDC-42A3-9474-1A3956D46DE8}") = "Presentation", "Presentation", "{508C1667-528B-4ABF-9C80-69E7F81CF9C6}"
EndProject
Project("{9A19103F-16F7-4668-BE54-9A1E7A4F7556}") = "LW9VH2_HSZF_2024251.Application", "LW9VH2_HSZF_2024251.Application\LW9VH2_HSZF_2024251.Application.csproj", "{D0BFCD02-F73A-4E21-81BC-3ABFC69ACE7D}"
EndProject
Project("{9A19103F-16F7-4668-BE54-9A1E7A4F7556}") = "LW9VH2_HSZF_2024251.Model", "LW9VH2_HSZF_2024251.Model\LW9VH2_HSZF_2024251.Model.csproj", "{06E2DD76-1644-4E49-ADB9-A7C40E871468}"
EndProject
Project("{9A19103F-16F7-4668-BE54-9A1E7A4F7556}") = "LW9VH2_HSZF_2024251.Persistence.MsSql", "LW9VH2_HSZF_2024251.Persistence.MsSql\LW9VH2_HSZF_2024251.Persistence.MsSql.csproj", "{1C60EE9B-FA05-4AC6-8354-F8E008BBCF22}"
EndProject
Project("{9A19103F-16F7-4668-BE54-9A1E7A4F7556}") = "LW9VH2_HSZF_2024251.Test", "LW9VH2_HSZF_2024251.Test\LW9VH2_HSZF_2024251.Test.csproj", "{821A4C7F-5F48-4979-8612-3F248B675B05}"
EndProject
Project("{2150E333-8FDC-42A3-9474-1A3956D46DE8}") = "Proba _Cucok", "Proba _Cucok", "{7EE01AAC-04DE-4628-9949-70D1FA78FC4C}"
	ProjectSection(SolutionItems) = preProject
		test.json = test.json
	EndProjectSection
EndProject
Global
	GlobalSection(SolutionConfigurationPlatforms) = preSolution
		Debug|Any CPU = Debug|Any CPU
		Release|Any CPU = Release|Any CPU
	EndGlobalSection
	GlobalSection(ProjectConfigurationPlatforms) = postSolution
		{6BEB1221-D0D4-4894-A91E-DD015234D013}.Debug|Any CPU.ActiveCfg = Debug|Any CPU
		{6BEB1221-D0D4-4894-A91E-DD015234D013}.Debug|Any CPU.Build.0 = Debug|Any CPU
		{6BEB1221-D0D4-4894-A91E-DD015234D013}.Release|Any CPU.ActiveCfg = Release|Any CPU
		{6BEB1221-D0D4-4894-A91E-DD015234D013}.Release|Any CPU.Build.0 = Release|Any CPU
		{D0BFCD02-F73A-4E21-81BC-3ABFC69ACE7D}.Debug|Any CPU.ActiveCfg = Debug|Any CPU
		{D0BFCD02-F73A-4E21-81BC-3ABFC69ACE7D}.Debug|Any CPU.Build.0 = Debug|Any CPU
		{D0BFCD02-F73A-4E21-81BC-3ABFC69ACE7D}.Release|Any CPU.ActiveCfg = Release|Any CPU
		{D0BFCD02-F73A-4E21-81BC-3ABFC69ACE7D}.Release|Any CPU.Build.0 = Release|Any CPU
		{06E2DD76-1644-4E49-ADB9-A7C40E871468}.Debug|Any CPU.ActiveCfg = Debug|Any CPU
		{06E2DD76-1644-4E49-ADB9-A7C40E871468}.Debug|Any CPU.Build.0 = Debug|Any CPU
		{06E2DD76-1644-4E49-ADB9-A7C40E871468}.Release|Any CPU.ActiveCfg = Release|Any CPU
		{06E2DD76-1644-4E49-ADB9-A7C40E871468}.Release|Any CPU.Build.0 = Release|Any CPU
		{1C60EE9B-FA05-4AC6-8354-F8E008BBCF22}.Debug|Any CPU.ActiveCfg = Debug|Any CPU
		{1C60EE9B-FA05-4AC6-8354-F8E008BBCF22}.Debug|Any CPU.Build.0 = Debug|Any CPU
		{1C60EE9B-FA05-4AC6-8354-F8E008BBCF22}.Release|Any CPU.ActiveCfg = Release|Any CPU
		{1C60EE9B-FA05-4AC6-8354-F8E008BBCF22}.Release|Any CPU.Build.0 = Release|Any CPU
		{821A4C7F-5F48-4979-8612-3F248B675B05}.Debug|Any CPU.ActiveCfg = Debug|Any CPU
		{821A4C7F-5F48-4979-8612-3F248B675B05}.Debug|Any CPU.Build.0 = Debug|Any CPU
		{821A4C7F-5F48-4979-8612-3F248B675B05}.Release|Any CPU.ActiveCfg = Release|Any CPU
		{821A4C7F-5F48-4979-8612-3F248B675B05}.Release|Any CPU.Build.0 = Release|Any CPU
	EndGlobalSection
	GlobalSection(SolutionProperties) = preSolution
		HideSolutionNode = FALSE
	EndGlobalSection
	GlobalSection(NestedProjects) = preSolution
		{6BEB1221-D0D4-4894-A91E-DD015234D013} = {508C1667-528B-4ABF-9C80-69E7F81CF9C6}
		{D0BFCD02-F73A-4E21-81BC-3ABFC69ACE7D} = {810A37A4-D06D-4AB2-8B1D-D793CCC3CDDB}
		{06E2DD76-1644-4E49-ADB9-A7C40E871468} = {672D26A2-CDE2-4097-9B2C-81756D591E0E}
		{1C60EE9B-FA05-4AC6-8354-F8E008BBCF22} = {51A6CCB4-8404-48C0-B320-9B6044E005C3}
		{821A4C7F-5F48-4979-8612-3F248B675B05} = {726557A2-50CD-4CA8-83EE-8B890474FB3D}
	EndGlobalSection
	GlobalSection(ExtensibilityGlobals) = postSolution
		SolutionGuid = {28822A74-7903-42D7-B93A-CD8EEC78A32B}
	EndGlobalSection
EndGlobal
